
Microsoft Visual Studio Solution File, Format Version 12.00
# Visual Studio Version 17
VisualStudioVersion = 17.11.35222.181
MinimumVisualStudioVersion = 10.0.40219.1
Project("{8BC9CEB8-8B4A-11D0-8D11-00A0C91BC942}") = "dantto4k", "src\dantto4k.vcxproj", "{D89922DC-4FE6-4FC1-8D78-BBF73F7A8B6B}"
EndProject
Project("{8BC9CEB8-8B4A-11D0-8D11-00A0C91BC942}") = "dantto4k_dll", "src\dantto4k_dll.vcxproj", "{55D2B0F2-F627-46E4-B229-FAF59079F9B0}"
EndProject
Global
	GlobalSection(SolutionConfigurationPlatforms) = preSolution
		Debug|x64 = Debug|x64
		Debug|x86 = Debug|x86
		Release|x64 = Release|x64
		Release|x86 = Release|x86
	EndGlobalSection
	GlobalSection(ProjectConfigurationPlatforms) = postSolution
		{D89922DC-4FE6-4FC1-8D78-BBF73F7A8B6B}.Debug|x64.ActiveCfg = Debug|x64
		{D89922DC-4FE6-4FC1-8D78-BBF73F7A8B6B}.Debug|x64.Build.0 = Debug|x64
		{D89922DC-4FE6-4FC1-8D78-BBF73F7A8B6B}.Debug|x86.ActiveCfg = Debug|Win32
		{D89922DC-4FE6-4FC1-8D78-BBF73F7A8B6B}.Debug|x86.Build.0 = Debug|Win32
		{D89922DC-4FE6-4FC1-8D78-BBF73F7A8B6B}.Release|x64.ActiveCfg = Release|x64
		{D89922DC-4FE6-4FC1-8D78-BBF73F7A8B6B}.Release|x64.Build.0 = Release|x64
		{D89922DC-4FE6-4FC1-8D78-BBF73F7A8B6B}.Release|x86.ActiveCfg = Release|Win32
		{D89922DC-4FE6-4FC1-8D78-BBF73F7A8B6B}.Release|x86.Build.0 = Release|Win32
		{55D2B0F2-F627-46E4-B229-FAF59079F9B0}.Debug|x64.ActiveCfg = Debug|x64
		{55D2B0F2-F627-46E4-B229-FAF59079F9B0}.Debug|x64.Build.0 = Debug|x64
		{55D2B0F2-F627-46E4-B229-FAF59079F9B0}.Debug|x86.ActiveCfg = Debug|Win32
		{55D2B0F2-F627-46E4-B229-FAF59079F9B0}.Debug|x86.Build.0 = Debug|Win32
		{55D2B0F2-F627-46E4-B229-FAF59079F9B0}.Release|x64.ActiveCfg = Release|x64
		{55D2B0F2-F627-46E4-B229-FAF59079F9B0}.Release|x64.Build.0 = Release|x64
		{55D2B0F2-F627-46E4-B229-FAF59079F9B0}.Release|x86.ActiveCfg = Release|Win32
		{55D2B0F2-F627-46E4-B229-FAF59079F9B0}.Release|x86.Build.0 = Release|Win32
	EndGlobalSection
	GlobalSection(SolutionProperties) = preSolution
		HideSolutionNode = FALSE
	EndGlobalSection
	GlobalSection(ExtensibilityGlobals) = postSolution
		SolutionGuid = {0653D980-E547-4F79-B538-D30AB4C01FE2}
	EndGlobalSection
EndGlobal
