<?xml version="1.0" encoding="utf-8"?>
<Project ToolsVersion="4.0" xmlns="http://schemas.microsoft.com/developer/msbuild/2003">
  <ItemGroup>
    <ClCompile Include="acascard.cpp">
      <Filter>mmttlv\acas</Filter>
    </ClCompile>
    <ClCompile Include="bonTuner.cpp">
      <Filter>dantto4k\bondriver</Filter>
    </ClCompile>
    <ClCompile Include="config.cpp">
      <Filter>dantto4k\config</Filter>
    </ClCompile>
    <ClCompile Include="mhEit.cpp">
      <Filter>mmttlv\mmt\tables</Filter>
    </ClCompile>
    <ClCompile Include="mhSdt.cpp">
      <Filter>mmttlv\mmt\tables</Filter>
    </ClCompile>
    <ClCompile Include="plt.cpp">
      <Filter>mmttlv\mmt\tables</Filter>
    </ClCompile>
    <ClCompile Include="mpt.cpp">
      <Filter>mmttlv\mmt\tables</Filter>
    </ClCompile>
    <ClCompile Include="mhTot.cpp">
      <Filter>mmttlv\mmt\tables</Filter>
    </ClCompile>
    <ClCompile Include="mhAudioComponentDescriptor.cpp">
      <Filter>mmttlv\mmt\descriptors</Filter>
    </ClCompile>
    <ClCompile Include="mhContentDescriptor.cpp">
      <Filter>mmttlv\mmt\descriptors</Filter>
    </ClCompile>
    <ClCompile Include="mhExtendedEventDescriptor.cpp">
      <Filter>mmttlv\mmt\descriptors</Filter>
    </ClCompile>
    <ClCompile Include="mhServiceDescriptor.cpp">
      <Filter>mmttlv\mmt\descriptors</Filter>
    </ClCompile>
    <ClCompile Include="mhShortEventDescriptor.cpp">
      <Filter>mmttlv\mmt\descriptors</Filter>
    </ClCompile>
    <ClCompile Include="smartcard.cpp">
      <Filter>mmttlv\acas</Filter>
    </ClCompile>
    <ClCompile Include="videoComponentDescriptor.cpp">
      <Filter>mmttlv\mmt\descriptors</Filter>
    </ClCompile>
    <ClCompile Include="mpuTimestampDescriptor.cpp">
      <Filter>mmttlv\mmt\descriptors</Filter>
    </ClCompile>
    <ClCompile Include="mpuExtendedTimestampDescriptor.cpp">
      <Filter>mmttlv\mmt\descriptors</Filter>
    </ClCompile>
    <ClCompile Include="ecm.cpp">
      <Filter>mmttlv\mmt\tables</Filter>
    </ClCompile>
    <ClCompile Include="stream.cpp">
      <Filter>mmttlv\common</Filter>
    </ClCompile>
    <ClCompile Include="mmtTlvDemuxer.cpp">
      <Filter>mmttlv</Filter>
    </ClCompile>
    <ClCompile Include="mmtDescriptors.cpp">
      <Filter>mmttlv\mmt\descriptors</Filter>
    </ClCompile>
    <ClCompile Include="adtsConverter.cpp">
      <Filter>dantto4k\adts</Filter>
    </ClCompile>
    <ClCompile Include="videoMfuDataProcessor.cpp">
      <Filter>mmttlv\mmt\mfu</Filter>
    </ClCompile>
    <ClCompile Include="mmtStream.cpp">
      <Filter>mmttlv</Filter>
    </ClCompile>
    <ClCompile Include="mfuDataProcessorFactory.cpp">
      <Filter>mmttlv\mmt\mfu</Filter>
    </ClCompile>
    <ClCompile Include="audioMfuDataProcessor.cpp">
      <Filter>mmttlv\mmt\mfu</Filter>
    </ClCompile>
    <ClCompile Include="subtitleMfuDataProcessor.cpp">
      <Filter>mmttlv\mmt\mfu</Filter>
    </ClCompile>
    <ClCompile Include="fragmentAssembler.cpp">
      <Filter>mmttlv</Filter>
    </ClCompile>
    <ClCompile Include="eventPackageDescriptor.cpp">
      <Filter>mmttlv\mmt\descriptors</Filter>
    </ClCompile>
    <ClCompile Include="mhLinkageDescriptor.cpp">
      <Filter>mmttlv\mmt\descriptors</Filter>
    </ClCompile>
    <ClCompile Include="mhEventGroupDescriptor.cpp">
      <Filter>mmttlv\mmt\descriptors</Filter>
    </ClCompile>
    <ClCompile Include="mhParentalRatingDescriptor.cpp">
      <Filter>mmttlv\mmt\descriptors</Filter>
    </ClCompile>
    <ClCompile Include="mhSeriesDescriptor.cpp">
      <Filter>mmttlv\mmt\descriptors</Filter>
    </ClCompile>
    <ClCompile Include="mhCaContractInformation.cpp">
      <Filter>mmttlv\mmt\descriptors</Filter>
    </ClCompile>
    <ClCompile Include="mhLogoTransmissionDescriptor.cpp">
      <Filter>mmttlv\mmt\descriptors</Filter>
    </ClCompile>
    <ClCompile Include="mhCdt.cpp">
      <Filter>mmttlv\mmt\tables</Filter>
    </ClCompile>
    <ClCompile Include="mhStreamIdentificationDescriptor.cpp">
      <Filter>mmttlv\mmt\descriptors</Filter>
    </ClCompile>
    <ClCompile Include="mhDataComponentDescriptor.cpp">
      <Filter>mmttlv\mmt\descriptors</Filter>
    </ClCompile>
    <ClCompile Include="dantto4k.cpp">
      <Filter>dantto4k</Filter>
    </ClCompile>
    <ClCompile Include="remuxerHandler.cpp">
      <Filter>dantto4k</Filter>
    </ClCompile>
    <ClCompile Include="mmtGeneralLocationInfo.cpp">
      <Filter>mmttlv\mmt\structs</Filter>
    </ClCompile>
    <ClCompile Include="paMessage.cpp">
      <Filter>mmttlv\mmt\structs</Filter>
    </ClCompile>
    <ClCompile Include="m2SectionMessage.cpp">
      <Filter>mmttlv\mmt\structs</Filter>
    </ClCompile>
    <ClCompile Include="m2ShortSectionMessage.cpp">
      <Filter>mmttlv\mmt\structs</Filter>
    </ClCompile>
    <ClCompile Include="dataUnit.cpp">
      <Filter>mmttlv\mmt\structs</Filter>
    </ClCompile>
    <ClCompile Include="mpu.cpp">
      <Filter>mmttlv\mmt\structs</Filter>
    </ClCompile>
    <ClCompile Include="signalingMessage.cpp">
      <Filter>mmttlv\mmt\structs</Filter>
    </ClCompile>
    <ClCompile Include="extensionHeaderScrambling.cpp">
      <Filter>mmttlv\mmt\structs</Filter>
    </ClCompile>
    <ClCompile Include="mmt.cpp">
      <Filter>mmttlv\mmt\structs</Filter>
    </ClCompile>
    <ClCompile Include="tlv.cpp">
      <Filter>mmttlv\tlv\structs</Filter>
    </ClCompile>
    <ClCompile Include="transmissionControlSignal.cpp">
      <Filter>mmttlv\tlv\structs</Filter>
    </ClCompile>
    <ClCompile Include="compressedIPPacket.cpp">
      <Filter>mmttlv\tlv\structs</Filter>
    </ClCompile>
    <ClCompile Include="nit.cpp">
      <Filter>mmttlv\tlv\tables</Filter>
    </ClCompile>
    <ClCompile Include="serviceListDescriptor.cpp">
      <Filter>mmttlv\tlv\descriptors</Filter>
    </ClCompile>
    <ClCompile Include="networkNameDescriptor.cpp">
      <Filter>mmttlv\tlv\descriptors</Filter>
    </ClCompile>
    <ClCompile Include="remoteControlKeyDescriptor.cpp">
      <Filter>mmttlv\tlv\descriptors</Filter>
    </ClCompile>
    <ClCompile Include="tlvDescriptors.cpp">
      <Filter>mmttlv\tlv\descriptors</Filter>
    </ClCompile>
    <ClCompile Include="tlvDescriptorFactory.cpp">
      <Filter>mmttlv\tlv\descriptors</Filter>
    </ClCompile>
    <ClCompile Include="mmtDescriptorFactory.cpp">
      <Filter>mmttlv\mmt\descriptors</Filter>
    </ClCompile>
    <ClCompile Include="mmtTableFactory.cpp">
      <Filter>mmttlv\mmt\tables</Filter>
    </ClCompile>
    <ClCompile Include="tlvTableFactory.cpp">
      <Filter>mmttlv\tlv\tables</Filter>
    </ClCompile>
    <ClCompile Include="contentCopyControlDescriptor.cpp">
      <Filter>mmttlv\mmt\descriptors</Filter>
    </ClCompile>
    <ClCompile Include="multimediaServiceInformationDescriptor.cpp">
      <Filter>mmttlv\mmt\descriptors</Filter>
    </ClCompile>
    <ClCompile Include="accessControlDescriptor.cpp">
      <Filter>mmttlv\mmt\descriptors</Filter>
    </ClCompile>
    <ClCompile Include="systemManagementDescriptor.cpp">
      <Filter>mmttlv\tlv\descriptors</Filter>
    </ClCompile>
    <ClCompile Include="mhBIt.cpp">
      <Filter>mmttlv\mmt\tables</Filter>
    </ClCompile>
    <ClCompile Include="mhSiParameterDescriptor.cpp">
      <Filter>mmttlv\mmt\descriptors</Filter>
    </ClCompile>
    <ClCompile Include="relatedBroadcasterDescriptor.cpp">
      <Filter>mmttlv\mmt\descriptors</Filter>
    </ClCompile>
    <ClCompile Include="applicationMfuDataProcessor.cpp">
      <Filter>mmttlv\mmt\mfu</Filter>
    </ClCompile>
    <ClCompile Include="aribUtil.cpp">
      <Filter>dantto4k</Filter>
    </ClCompile>
    <ClCompile Include="timeUtil.cpp">
      <Filter>dantto4k</Filter>
    </ClCompile>
    <ClCompile Include="pesPacket.cpp">
      <Filter>dantto4k</Filter>
    </ClCompile>
    <ClCompile Include="timebase.cpp">
      <Filter>mmttlv\common</Filter>
    </ClCompile>
    <ClCompile Include="ipv6.cpp">
      <Filter>mmttlv\tlv\structs</Filter>
    </ClCompile>
    <ClCompile Include="ntp.cpp">
      <Filter>mmttlv\tlv\structs</Filter>
    </ClCompile>
    <ClCompile Include="mhBroadcasterNameDescriptor.cpp">
      <Filter>mmttlv\mmt\descriptors</Filter>
    </ClCompile>
    <ClCompile Include="mhServiceListDescriptor.cpp">
      <Filter>mmttlv\mmt\descriptors</Filter>
    </ClCompile>
    <ClCompile Include="tsARIBCharset.cpp">
      <Filter>dantto4k</Filter>
    </ClCompile>
    <ClCompile Include="tsARIBCharsetData.cpp">
      <Filter>dantto4k</Filter>
    </ClCompile>
    <ClCompile Include="tsARIBCharsetEncoding.cpp">
      <Filter>dantto4k</Filter>
    </ClCompile>
    <ClCompile Include="caMessage.cpp">
      <Filter>mmttlv\mmt\structs</Filter>
    </ClCompile>
    <ClCompile Include="dataTransmissionMessage.cpp">
      <Filter>mmttlv\mmt\structs</Filter>
    </ClCompile>
    <ClCompile Include="pugixml.cpp">
      <Filter>dantto4k\xml</Filter>
    </ClCompile>
    <ClCompile Include="b24Color.cpp">
      <Filter>dantto4k\subtitle</Filter>
    </ClCompile>
    <ClCompile Include="b24SubtitleConvertor.cpp">
      <Filter>dantto4k\subtitle</Filter>
    </ClCompile>
    <ClCompile Include="ttml.cpp">
      <Filter>dantto4k\subtitle</Filter>
    </ClCompile>
    <ClCompile Include="mhAit.cpp">
      <Filter>mmttlv\mmt\tables</Filter>
    </ClCompile>
    <ClCompile Include="mhApplicationDescriptor.cpp">
      <Filter>mmttlv\mmt\descriptors</Filter>
    </ClCompile>
    <ClCompile Include="ecmProcessor.cpp">
      <Filter>dantto4k</Filter>
    </ClCompile>
  </ItemGroup>
  <ItemGroup>
    <ClInclude Include="bonTuner.h">
      <Filter>dantto4k\bondriver</Filter>
    </ClInclude>
    <ClInclude Include="config.h">
      <Filter>dantto4k\config</Filter>
    </ClInclude>
    <ClInclude Include="mhEit.h">
      <Filter>mmttlv\mmt\tables</Filter>
    </ClInclude>
    <ClInclude Include="mhSdt.h">
      <Filter>mmttlv\mmt\tables</Filter>
    </ClInclude>
    <ClInclude Include="plt.h">
      <Filter>mmttlv\mmt\tables</Filter>
    </ClInclude>
    <ClInclude Include="mpt.h">
      <Filter>mmttlv\mmt\tables</Filter>
    </ClInclude>
    <ClInclude Include="mhTot.h">
      <Filter>mmttlv\mmt\tables</Filter>
    </ClInclude>
    <ClInclude Include="mhAudioComponentDescriptor.h">
      <Filter>mmttlv\mmt\descriptors</Filter>
    </ClInclude>
    <ClInclude Include="mhContentDescriptor.h">
      <Filter>mmttlv\mmt\descriptors</Filter>
    </ClInclude>
    <ClInclude Include="mhExtendedEventDescriptor.h">
      <Filter>mmttlv\mmt\descriptors</Filter>
    </ClInclude>
    <ClInclude Include="mhServiceDescriptor.h">
      <Filter>mmttlv\mmt\descriptors</Filter>
    </ClInclude>
    <ClInclude Include="mhShortEventDescriptor.h">
      <Filter>mmttlv\mmt\descriptors</Filter>
    </ClInclude>
    <ClInclude Include="mmtTableBase.h">
      <Filter>mmttlv\mmt\tables</Filter>
    </ClInclude>
    <ClInclude Include="smartcard.h">
      <Filter>mmttlv\acas</Filter>
    </ClInclude>
    <ClInclude Include="videoComponentDescriptor.h">
      <Filter>mmttlv\mmt\descriptors</Filter>
    </ClInclude>
    <ClInclude Include="mpuTimestampDescriptor.h">
      <Filter>mmttlv\mmt\descriptors</Filter>
    </ClInclude>
    <ClInclude Include="mpuExtendedTimestampDescriptor.h">
      <Filter>mmttlv\mmt\descriptors</Filter>
    </ClInclude>
    <ClInclude Include="IBonDriver.h">
      <Filter>dantto4k\bondriver</Filter>
    </ClInclude>
    <ClInclude Include="ecm.h">
      <Filter>mmttlv\mmt\tables</Filter>
    </ClInclude>
    <ClInclude Include="stream.h">
      <Filter>mmttlv\common</Filter>
    </ClInclude>
    <ClInclude Include="mmtDescriptors.h">
      <Filter>mmttlv\mmt\descriptors</Filter>
    </ClInclude>
    <ClInclude Include="adtsConverter.h">
      <Filter>dantto4k\adts</Filter>
    </ClInclude>
    <ClInclude Include="mfuDataProcessorBase.h">
      <Filter>mmttlv\mmt\mfu</Filter>
    </ClInclude>
    <ClInclude Include="videoMfuDataProcessor.h">
      <Filter>mmttlv\mmt\mfu</Filter>
    </ClInclude>
    <ClInclude Include="mmtStream.h">
      <Filter>mmttlv</Filter>
    </ClInclude>
    <ClInclude Include="mfuDataProcessorFactory.h">
      <Filter>mmttlv\mmt\mfu</Filter>
    </ClInclude>
    <ClInclude Include="audioMfuDataProcessor.h">
      <Filter>mmttlv\mmt\mfu</Filter>
    </ClInclude>
    <ClInclude Include="subtitleMfuDataProcessor.h">
      <Filter>mmttlv\mmt\mfu</Filter>
    </ClInclude>
    <ClInclude Include="fragmentAssembler.h">
      <Filter>mmttlv</Filter>
    </ClInclude>
    <ClInclude Include="eventPackageDescriptor.h">
      <Filter>mmttlv\mmt\descriptors</Filter>
    </ClInclude>
    <ClInclude Include="mhLinkageDescriptor.h">
      <Filter>mmttlv\mmt\descriptors</Filter>
    </ClInclude>
    <ClInclude Include="mhEventGroupDescriptor.h">
      <Filter>mmttlv\mmt\descriptors</Filter>
    </ClInclude>
    <ClInclude Include="mhParentalRatingDescriptor.h">
      <Filter>mmttlv\mmt\descriptors</Filter>
    </ClInclude>
    <ClInclude Include="mhSeriesDescriptor.h">
      <Filter>mmttlv\mmt\descriptors</Filter>
    </ClInclude>
    <ClInclude Include="mhCaContractInformation.h">
      <Filter>mmttlv\mmt\descriptors</Filter>
    </ClInclude>
    <ClInclude Include="mhLogoTransmissionDescriptor.h">
      <Filter>mmttlv\mmt\descriptors</Filter>
    </ClInclude>
    <ClInclude Include="mhCdt.h">
      <Filter>mmttlv\mmt\tables</Filter>
    </ClInclude>
    <ClInclude Include="mhStreamIdentificationDescriptor.h">
      <Filter>mmttlv\mmt\descriptors</Filter>
    </ClInclude>
    <ClInclude Include="mhDataComponentDescriptor.h">
      <Filter>mmttlv\mmt\descriptors</Filter>
    </ClInclude>
    <ClInclude Include="IBonDriver2.h">
      <Filter>dantto4k\bondriver</Filter>
    </ClInclude>
    <ClInclude Include="mmtTlvDemuxer.h">
      <Filter>mmttlv</Filter>
    </ClInclude>
    <ClInclude Include="mmtDescriptorBase.h">
      <Filter>mmttlv\mmt\descriptors</Filter>
    </ClInclude>
    <ClInclude Include="acascard.h">
      <Filter>mmttlv\acas</Filter>
    </ClInclude>
    <ClInclude Include="dantto4k.h">
      <Filter>dantto4k</Filter>
    </ClInclude>
    <ClInclude Include="remuxerHandler.h">
      <Filter>dantto4k</Filter>
    </ClInclude>
    <ClInclude Include="mmtGeneralLocationInfo.h">
      <Filter>mmttlv\mmt\structs</Filter>
    </ClInclude>
    <ClInclude Include="paMessage.h">
      <Filter>mmttlv\mmt\structs</Filter>
    </ClInclude>
    <ClInclude Include="m2SectionMessage.h">
      <Filter>mmttlv\mmt\structs</Filter>
    </ClInclude>
    <ClInclude Include="m2ShortSectionMessage.h">
      <Filter>mmttlv\mmt\structs</Filter>
    </ClInclude>
    <ClInclude Include="dataUnit.h">
      <Filter>mmttlv\mmt\structs</Filter>
    </ClInclude>
    <ClInclude Include="mpu.h">
      <Filter>mmttlv\mmt\structs</Filter>
    </ClInclude>
    <ClInclude Include="signalingMessage.h">
      <Filter>mmttlv\mmt\structs</Filter>
    </ClInclude>
    <ClInclude Include="extensionHeaderScrambling.h">
      <Filter>mmttlv\mmt\structs</Filter>
    </ClInclude>
    <ClInclude Include="mmt.h">
      <Filter>mmttlv\mmt\structs</Filter>
    </ClInclude>
    <ClInclude Include="swap.h">
      <Filter>mmttlv\common</Filter>
    </ClInclude>
    <ClInclude Include="tlv.h">
      <Filter>mmttlv\tlv\structs</Filter>
    </ClInclude>
    <ClInclude Include="transmissionControlSignal.h">
      <Filter>mmttlv\tlv\structs</Filter>
    </ClInclude>
    <ClInclude Include="compressedIPPacket.h">
      <Filter>mmttlv\tlv\structs</Filter>
    </ClInclude>
    <ClInclude Include="nit.h">
      <Filter>mmttlv\tlv\tables</Filter>
    </ClInclude>
    <ClInclude Include="tlvTableBase.h">
      <Filter>mmttlv\tlv\tables</Filter>
    </ClInclude>
    <ClInclude Include="tlvDescriptorBase.h">
      <Filter>mmttlv\tlv\descriptors</Filter>
    </ClInclude>
    <ClInclude Include="serviceListDescriptor.h">
      <Filter>mmttlv\tlv\descriptors</Filter>
    </ClInclude>
    <ClInclude Include="networkNameDescriptor.h">
      <Filter>mmttlv\tlv\descriptors</Filter>
    </ClInclude>
    <ClInclude Include="remoteControlKeyDescriptor.h">
      <Filter>mmttlv\tlv\descriptors</Filter>
    </ClInclude>
    <ClInclude Include="tlvDescriptors.h">
      <Filter>mmttlv\tlv\descriptors</Filter>
    </ClInclude>
    <ClInclude Include="ip.h">
      <Filter>mmttlv\common</Filter>
    </ClInclude>
    <ClInclude Include="demuxerHandler.h">
      <Filter>mmttlv</Filter>
    </ClInclude>
    <ClInclude Include="tlvDescriptorFactory.h">
      <Filter>mmttlv\tlv\descriptors</Filter>
    </ClInclude>
    <ClInclude Include="mmtDescriptorFactory.h">
      <Filter>mmttlv\mmt\descriptors</Filter>
    </ClInclude>
    <ClInclude Include="mmtTableFactory.h">
      <Filter>mmttlv\mmt\tables</Filter>
    </ClInclude>
    <ClInclude Include="tlvTableFactory.h">
      <Filter>mmttlv\tlv\tables</Filter>
    </ClInclude>
    <ClInclude Include="mmtFragment.h">
      <Filter>mmttlv\mmt\structs</Filter>
    </ClInclude>
    <ClInclude Include="contentCopyControlDescriptor.h">
      <Filter>mmttlv\mmt\descriptors</Filter>
    </ClInclude>
    <ClInclude Include="multimediaServiceInformationDescriptor.h">
      <Filter>mmttlv\mmt\descriptors</Filter>
    </ClInclude>
    <ClInclude Include="accessControlDescriptor.h">
      <Filter>mmttlv\mmt\descriptors</Filter>
    </ClInclude>
    <ClInclude Include="systemManagementDescriptor.h">
      <Filter>mmttlv\tlv\descriptors</Filter>
    </ClInclude>
    <ClInclude Include="mhBIt.h">
      <Filter>mmttlv\mmt\tables</Filter>
    </ClInclude>
    <ClInclude Include="mhSiParameterDescriptor.h">
      <Filter>mmttlv\mmt\descriptors</Filter>
    </ClInclude>
    <ClInclude Include="relatedBroadcasterDescriptor.h">
      <Filter>mmttlv\mmt\descriptors</Filter>
    </ClInclude>
    <ClInclude Include="applicationMfuDataProcessor.h">
      <Filter>mmttlv\mmt\mfu</Filter>
    </ClInclude>
    <ClInclude Include="aribUtil.h">
      <Filter>dantto4k</Filter>
    </ClInclude>
    <ClInclude Include="descriptorConverter.h">
      <Filter>dantto4k</Filter>
    </ClInclude>
    <ClInclude Include="timeUtil.h">
      <Filter>dantto4k</Filter>
    </ClInclude>
    <ClInclude Include="pesPacket.h">
      <Filter>dantto4k</Filter>
    </ClInclude>
    <ClInclude Include="timebase.h">
      <Filter>mmttlv\common</Filter>
    </ClInclude>
    <ClInclude Include="ipv6.h">
      <Filter>mmttlv\tlv\structs</Filter>
    </ClInclude>
    <ClInclude Include="ntp.h">
      <Filter>mmttlv\tlv\structs</Filter>
    </ClInclude>
    <ClInclude Include="mhBroadcasterNameDescriptor.h">
      <Filter>mmttlv\mmt\descriptors</Filter>
    </ClInclude>
    <ClInclude Include="mhServiceListDescriptor.h">
      <Filter>mmttlv\mmt\descriptors</Filter>
    </ClInclude>
    <ClInclude Include="logger.h">
      <Filter>dantto4k</Filter>
    </ClInclude>
    <ClInclude Include="tsARIBCharset.h">
      <Filter>dantto4k</Filter>
    </ClInclude>
    <ClInclude Include="mmtTlvStatistics.h">
      <Filter>mmttlv</Filter>
    </ClInclude>
    <ClInclude Include="caMessage.h">
      <Filter>mmttlv\mmt\structs</Filter>
    </ClInclude>
    <ClInclude Include="dataTransmissionMessage.h">
      <Filter>mmttlv\mmt\structs</Filter>
    </ClInclude>
    <ClInclude Include="hashUtil.h">
      <Filter>mmttlv\common</Filter>
    </ClInclude>
    <ClInclude Include="pugiconfig.hpp">
      <Filter>dantto4k\xml</Filter>
    </ClInclude>
    <ClInclude Include="pugixml.hpp">
      <Filter>dantto4k\xml</Filter>
    </ClInclude>
    <ClInclude Include="b24Color.h">
      <Filter>dantto4k\subtitle</Filter>
    </ClInclude>
    <ClInclude Include="b24ControlSet.h">
      <Filter>dantto4k\subtitle</Filter>
    </ClInclude>
    <ClInclude Include="b24SubtitleConvertor.h">
      <Filter>dantto4k\subtitle</Filter>
    </ClInclude>
    <ClInclude Include="ttml.h">
      <Filter>dantto4k\subtitle</Filter>
    </ClInclude>
    <ClInclude Include="mhAit.h">
      <Filter>mmttlv\mmt\tables</Filter>
    </ClInclude>
    <ClInclude Include="mhApplicationDescriptor.h">
      <Filter>mmttlv\mmt\descriptors</Filter>
    </ClInclude>
    <ClInclude Include="ecmProcessor.h">
      <Filter>dantto4k</Filter>
    </ClInclude>
  </ItemGroup>
  <ItemGroup>
    <Filter Include="dantto4k">
      <UniqueIdentifier>{89d5921c-1305-4fcd-9b4b-b323b85b8375}</UniqueIdentifier>
    </Filter>
    <Filter Include="dantto4k\adts">
      <UniqueIdentifier>{b026877e-512f-4823-9779-1a919bfb08bd}</UniqueIdentifier>
    </Filter>
    <Filter Include="dantto4k\bondriver">
      <UniqueIdentifier>{2ed2741f-a39d-4175-b9e8-d350d2a84927}</UniqueIdentifier>
    </Filter>
    <Filter Include="mmttlv">
      <UniqueIdentifier>{4f5b7383-f468-4008-b0d7-ba1a595e01c0}</UniqueIdentifier>
    </Filter>
    <Filter Include="mmttlv\acas">
      <UniqueIdentifier>{5dccb4d7-560f-4244-9d84-334de3cf19f2}</UniqueIdentifier>
    </Filter>
    <Filter Include="mmttlv\common">
      <UniqueIdentifier>{f40fdc0c-24bd-44cd-9272-d96c62b86634}</UniqueIdentifier>
    </Filter>
    <Filter Include="mmttlv\mmt">
      <UniqueIdentifier>{acbcb1cb-d4f0-4734-b400-23136ea9b777}</UniqueIdentifier>
    </Filter>
    <Filter Include="mmttlv\mmt\structs">
      <UniqueIdentifier>{1de159de-adf7-4bbf-9464-7d8bea62cab7}</UniqueIdentifier>
    </Filter>
    <Filter Include="mmttlv\mmt\tables">
      <UniqueIdentifier>{5342f4c7-f651-438c-aecb-3f4a6793dd34}</UniqueIdentifier>
    </Filter>
    <Filter Include="mmttlv\mmt\descriptors">
      <UniqueIdentifier>{8439f5b9-7d80-4b3e-a5b0-c43597f4c780}</UniqueIdentifier>
    </Filter>
    <Filter Include="mmttlv\mmt\mfu">
      <UniqueIdentifier>{39e74407-f57e-47e0-97fc-4c84f854aa1e}</UniqueIdentifier>
    </Filter>
    <Filter Include="mmttlv\tlv">
      <UniqueIdentifier>{cc259d6d-f43c-48ee-a83c-343ef27089a6}</UniqueIdentifier>
    </Filter>
    <Filter Include="mmttlv\tlv\structs">
      <UniqueIdentifier>{4234337d-71b8-48ab-b08d-cd06ed85a366}</UniqueIdentifier>
    </Filter>
    <Filter Include="mmttlv\tlv\descriptors">
      <UniqueIdentifier>{9ffe2bba-aa06-4e62-8810-99e17034fbdc}</UniqueIdentifier>
    </Filter>
    <Filter Include="mmttlv\tlv\tables">
      <UniqueIdentifier>{5028c261-c9a8-4e76-ba4b-ba2fcbea2d44}</UniqueIdentifier>
    </Filter>
    <Filter Include="dantto4k\config">
      <UniqueIdentifier>{0392b5d1-6a98-4ab7-bab9-4649b64a3cef}</UniqueIdentifier>
    </Filter>
    <Filter Include="dantto4k\xml">
      <UniqueIdentifier>{9290d7d2-7f6d-4353-bdad-ca80f4d189fa}</UniqueIdentifier>
    </Filter>
    <Filter Include="dantto4k\subtitle">
      <UniqueIdentifier>{c229bfa9-4900-4d31-831b-d770f27872d9}</UniqueIdentifier>
    </Filter>
  </ItemGroup>
</Project>